%{
  "telemetry": {:hex, :telemetry, "1.2.1", "68fdfe8d8f05a8428483a97d7aab2f268aaff24b49e0f599faa091f1d4e7f61c", [:rebar3], [], "hexpm", "dad9ce9d8effc621708f99eac538ef1cbe05d6a874dd741de2e689c47feafed5"},
  "thousand_island": {:hex, :thousand_island, "0.6.4", "61dfcdeeadf3c21001833fdc49c29ce1d0a3c787623a9158a1721a3cabc212db", [:mix], [{:telemetry, "~> 0.4 or ~> 1.0", [hex: :telemetry, repo: "hexpm", optional: false]}], "hexpm", "95eb6e05c4838a2c18171801c62a6d9f122e757b1b2b6fc7fca89d2294f47271"},
}
